
Microsoft Visual Studio Solution File, Format Version 12.00
# Visual Studio Version 16
VisualStudioVersion = 16.0.31702.278
MinimumVisualStudioVersion = 10.0.40219.1
Project("{9A19103F-16F7-4668-BE54-9A1E7A4F7556}") = "WebApplication1", "WebApplication1\WebApplication1.csproj", "{ACC1A56A-09B0-4DC3-BE17-D2BB526DD626}"
EndProject
Global
	GlobalSection(SolutionConfigurationPlatforms) = preSolution
		Debug|Any CPU = Debug|Any CPU
		Release|Any CPU = Release|Any CPU
	EndGlobalSection
	GlobalSection(ProjectConfigurationPlatforms) = postSolution
		{ACC1A56A-09B0-4DC3-BE17-D2BB526DD626}.Debug|Any CPU.ActiveCfg = Debug|Any CPU
		{ACC1A56A-09B0-4DC3-BE17-D2BB526DD626}.Debug|Any CPU.Build.0 = Debug|Any CPU
		{ACC1A56A-09B0-4DC3-BE17-D2BB526DD626}.Release|Any CPU.ActiveCfg = Release|Any CPU
		{ACC1A56A-09B0-4DC3-BE17-D2BB526DD626}.Release|Any CPU.Build.0 = Release|Any CPU
	EndGlobalSection
	GlobalSection(SolutionProperties) = preSolution
		HideSolutionNode = FALSE
	EndGlobalSection
	GlobalSection(ExtensibilityGlobals) = postSolution
		SolutionGuid = {31FEA734-D50A-4401-B7C5-56E81E908115}
	EndGlobalSection
EndGlobal
